{
  "name": "bridge-contract",
  "version": "0.1.0",
  "lockfileVersion": 3,
  "requires": true,
  "packages": {
    "": {
      "name": "bridge-contract",
      "version": "0.1.0",
      "license": "AGPLv3",
      "dependencies": {
        "@helios-lang/compiler": "0.17.12",
        "@helios-lang/contract-utils": "^0.3.17"
      }
    },
    "node_modules/@helios-lang/cbor": {
      "version": "0.3.0",
      "resolved": "https://registry.npmjs.org/@helios-lang/cbor/-/cbor-0.3.0.tgz",
      "integrity": "sha512-+HA54uJWIFV/EYaKTyS1EVw9GqpIYCtWDVwxDhSwWnL67KZTrieRt1/yjgj2FsmnRvZM8fUYfnkFnU/chS117A==",
      "license": "BSD-3-Clause",
      "dependencies": {
        "@helios-lang/codec-utils": "^0.3.4"
      }
    },
    "node_modules/@helios-lang/cli-utils": {
      "version": "0.1.10",
      "resolved": "https://registry.npmjs.org/@helios-lang/cli-utils/-/cli-utils-0.1.10.tgz",
      "integrity": "sha512-aefnkQwn0ybaDfoM6/+999uErac4/c7xKs4McYomjQY5cOnJ1L1BitPQQv3KQIcgHVTdBv/pTj8WDyU8XZ0DeQ==",
      "license": "BSD-3-Clause",
      "dependencies": {
        "@helios-lang/codec-utils": "^0.2.1",
        "@helios-lang/type-utils": "^0.1.25"
      }
    },
    "node_modules/@helios-lang/cli-utils/node_modules/@helios-lang/codec-utils": {
      "version": "0.2.1",
      "resolved": "https://registry.npmjs.org/@helios-lang/codec-utils/-/codec-utils-0.2.1.tgz",
      "integrity": "sha512-KM+OsiLp2j7po5y2pFv/ybncOlqek0M6IiWpxDVZdN2gc7d6DwPWQaLjZEbelMHWxObO2M7c16CgsZXutdxtXg==",
      "license": "BSD-3-Clause"
    },
    "node_modules/@helios-lang/cli-utils/node_modules/@helios-lang/type-utils": {
      "version": "0.1.25",
      "resolved": "https://registry.npmjs.org/@helios-lang/type-utils/-/type-utils-0.1.25.tgz",
      "integrity": "sha512-tOqyBWtaI6n/xhfaZr8cnL+Syv0X5whbxpzPLayfDwllI9el54fQ4P4e8CUUm2ls8WNSAgC9razCd2Q3qnMwlA==",
      "license": "BSD-3-Clause"
    },
    "node_modules/@helios-lang/codec-utils": {
      "version": "0.3.4",
      "resolved": "https://registry.npmjs.org/@helios-lang/codec-utils/-/codec-utils-0.3.4.tgz",
      "integrity": "sha512-YiYwBwkbRmu9/4tqHNGIk/haVb0+MLrwXZc+6/KMwGT5WKzypZSkDgH+aZEdHtdTmYhVyIj9ojBljAhMxi8ezg==",
      "license": "BSD-3-Clause"
    },
    "node_modules/@helios-lang/compiler": {
      "version": "0.17.12",
      "resolved": "https://registry.npmjs.org/@helios-lang/compiler/-/compiler-0.17.12.tgz",
      "integrity": "sha512-iRRtlShN3Hm0WKfk9xZ2TAsSJKYjCzzCczElduerXgeHgwJgxDwCdGDYJzYWuO0Q9lzpoJuSLcJzSVEwealVsg==",
      "license": "BSD-3-Clause",
      "dependencies": {
        "@helios-lang/codec-utils": "^0.3.3",
        "@helios-lang/compiler-utils": "^0.5.2",
        "@helios-lang/ir": "0.3.3",
        "@helios-lang/type-utils": "^0.2.8",
        "@helios-lang/uplc": "^0.7.8"
      }
    },
    "node_modules/@helios-lang/compiler-utils": {
      "version": "0.5.3",
      "resolved": "https://registry.npmjs.org/@helios-lang/compiler-utils/-/compiler-utils-0.5.3.tgz",
      "integrity": "sha512-/tDgLwYM5GEimqOvLqeQvXzfS1ej2ytXFH8f4zK0XnJlW29JpJYrPJRNUlVfU8NbyUZwi2TAFSBSDCtU6sCAyA==",
      "license": "BSD-3-Clause",
      "dependencies": {
        "@helios-lang/codec-utils": "^0.3.4",
        "@helios-lang/type-utils": "^0.2.9"
      }
    },
    "node_modules/@helios-lang/contract-utils": {
      "version": "0.3.17",
      "resolved": "https://registry.npmjs.org/@helios-lang/contract-utils/-/contract-utils-0.3.17.tgz",
      "integrity": "sha512-yYGa7zglRszXI85nsWGcVyCovrLUPJo6rQqrqAgdZMk7afIDNYo8CCS2f588rR4+Uoe2Tqom0+0AXAXfNcy2rw==",
      "license": "BSD-3-Clause",
      "dependencies": {
        "@helios-lang/cli-utils": "^0.1.10",
        "@helios-lang/codec-utils": "^0.3.4",
        "@helios-lang/compiler-utils": "^0.5.3",
        "@helios-lang/crypto": "0.2.3",
        "@helios-lang/ledger": "^0.7.1",
        "@helios-lang/type-utils": "^0.2.9",
        "@helios-lang/uplc": "^0.7.11"
      },
      "bin": {
        "hl2ts": "src/hl2ts.js"
      },
      "peerDependencies": {
        "@helios-lang/compiler": "*"
      }
    },
    "node_modules/@helios-lang/crypto": {
      "version": "0.2.3",
      "resolved": "https://registry.npmjs.org/@helios-lang/crypto/-/crypto-0.2.3.tgz",
      "integrity": "sha512-Vyauv8fSrev2BFVn5RrHvMtgHzClogWFnX9CPm8024NEzlEL6jrXYiF8VAoegWX46GGZQE2ZEZxZciiKClaR3A==",
      "license": "BSD-3-Clause",
      "dependencies": {
        "@helios-lang/codec-utils": "^0.3.4",
        "@helios-lang/type-utils": "0.2.9"
      }
    },
    "node_modules/@helios-lang/era": {
      "version": "0.1.4",
      "resolved": "https://registry.npmjs.org/@helios-lang/era/-/era-0.1.4.tgz",
      "integrity": "sha512-wBV/qDLvfSwSywaQlo1EdnVhMW7XBSS2AnaOFmpLS/RrA75arn7ngf+MbEsfjQ1qayIPOPdL96M6vzPtauttWA==",
      "license": "BSD-3-Clause"
    },
    "node_modules/@helios-lang/ir": {
      "version": "0.3.3",
      "resolved": "https://registry.npmjs.org/@helios-lang/ir/-/ir-0.3.3.tgz",
      "integrity": "sha512-eIT2AEZ07xKI9L29aI+O5MXLs8HW1Tz8Wu4ceoPSlQN5EtqwxfzGWIiAQrGY1nf3sGu3nJS6p6KhHsdIK2C3AA==",
      "license": "BSD-3-Clause",
      "dependencies": {
        "@helios-lang/codec-utils": "^0.3.2",
        "@helios-lang/compiler-utils": "^0.5.0",
        "@helios-lang/type-utils": "^0.2.8",
        "@helios-lang/uplc": "^0.7.8"
      }
    },
    "node_modules/@helios-lang/ledger": {
      "version": "0.7.1",
      "resolved": "https://registry.npmjs.org/@helios-lang/ledger/-/ledger-0.7.1.tgz",
      "integrity": "sha512-N1ZZgut2RScwCN0qgZpPaDdYtPY0lQA7k0NggqTm+W5I2p02lnIZClH8Utdkq3LtlJv51zpdeIQ1bNReIKDXeA==",
      "license": "BSD-3-Clause",
      "dependencies": {
        "@helios-lang/cbor": "^0.3.0",
        "@helios-lang/codec-utils": "^0.3.4",
        "@helios-lang/crypto": "^0.2.3",
        "@helios-lang/type-utils": "^0.2.9",
        "@helios-lang/uplc": "^0.7.11"
      }
    },
    "node_modules/@helios-lang/type-utils": {
      "version": "0.2.9",
      "resolved": "https://registry.npmjs.org/@helios-lang/type-utils/-/type-utils-0.2.9.tgz",
      "integrity": "sha512-79/aGqD9ZXNXUypDHf+tSSg4PBacovX5Q4U2GXKVcaH5a194PVZJ+Dsz2J5vLREUeSwSM7HLTEysqasyadbtEQ==",
      "license": "BSD-3-Clause"
    },
    "node_modules/@helios-lang/uplc": {
      "version": "0.7.11",
      "resolved": "https://registry.npmjs.org/@helios-lang/uplc/-/uplc-0.7.11.tgz",
      "integrity": "sha512-exrxM51jf1NdmT0OzcpDQL3wmcHa/aq4KqI2QuCrBaki62Fd1/wf8k4O3ZTeTpGu0vjd6agNSebVVOUIK1CenQ==",
      "license": "BSD-3-Clause",
      "dependencies": {
        "@helios-lang/cbor": "^0.3.0",
        "@helios-lang/codec-utils": "^0.3.4",
        "@helios-lang/compiler-utils": "^0.5.3",
        "@helios-lang/crypto": "^0.2.3",
        "@helios-lang/era": "^0.1.4",
        "@helios-lang/type-utils": "^0.2.9"
      }
    }
  }
}
