{
  "name": "@pbg/bridge-contract",
  "version": "0.1.0",
  "lockfileVersion": 3,
  "requires": true,
  "packages": {
    "": {
      "name": "@pbg/bridge-contract",
      "version": "0.1.0",
      "license": "AGPLv3",
      "dependencies": {
        "@helios-lang/compiler": "^0.17.14",
        "@helios-lang/contract-utils": "^0.3.17",
        "solc": "^0.8.29"
      }
    },
    "node_modules/@helios-lang/cbor": {
      "version": "0.3.0",
      "resolved": "https://registry.npmjs.org/@helios-lang/cbor/-/cbor-0.3.0.tgz",
      "integrity": "sha512-+HA54uJWIFV/EYaKTyS1EVw9GqpIYCtWDVwxDhSwWnL67KZTrieRt1/yjgj2FsmnRvZM8fUYfnkFnU/chS117A==",
      "license": "BSD-3-Clause",
      "dependencies": {
        "@helios-lang/codec-utils": "^0.3.4"
      }
    },
    "node_modules/@helios-lang/cli-utils": {
      "version": "0.1.10",
      "resolved": "https://registry.npmjs.org/@helios-lang/cli-utils/-/cli-utils-0.1.10.tgz",
      "integrity": "sha512-aefnkQwn0ybaDfoM6/+999uErac4/c7xKs4McYomjQY5cOnJ1L1BitPQQv3KQIcgHVTdBv/pTj8WDyU8XZ0DeQ==",
      "license": "BSD-3-Clause",
      "dependencies": {
        "@helios-lang/codec-utils": "^0.2.1",
        "@helios-lang/type-utils": "^0.1.25"
      }
    },
    "node_modules/@helios-lang/cli-utils/node_modules/@helios-lang/codec-utils": {
      "version": "0.2.1",
      "resolved": "https://registry.npmjs.org/@helios-lang/codec-utils/-/codec-utils-0.2.1.tgz",
      "integrity": "sha512-KM+OsiLp2j7po5y2pFv/ybncOlqek0M6IiWpxDVZdN2gc7d6DwPWQaLjZEbelMHWxObO2M7c16CgsZXutdxtXg==",
      "license": "BSD-3-Clause"
    },
    "node_modules/@helios-lang/cli-utils/node_modules/@helios-lang/type-utils": {
      "version": "0.1.25",
      "resolved": "https://registry.npmjs.org/@helios-lang/type-utils/-/type-utils-0.1.25.tgz",
      "integrity": "sha512-tOqyBWtaI6n/xhfaZr8cnL+Syv0X5whbxpzPLayfDwllI9el54fQ4P4e8CUUm2ls8WNSAgC9razCd2Q3qnMwlA==",
      "license": "BSD-3-Clause"
    },
    "node_modules/@helios-lang/codec-utils": {
      "version": "0.3.4",
      "resolved": "https://registry.npmjs.org/@helios-lang/codec-utils/-/codec-utils-0.3.4.tgz",
      "integrity": "sha512-YiYwBwkbRmu9/4tqHNGIk/haVb0+MLrwXZc+6/KMwGT5WKzypZSkDgH+aZEdHtdTmYhVyIj9ojBljAhMxi8ezg==",
      "license": "BSD-3-Clause"
    },
    "node_modules/@helios-lang/compiler": {
      "version": "0.17.14",
      "resolved": "https://registry.npmjs.org/@helios-lang/compiler/-/compiler-0.17.14.tgz",
      "integrity": "sha512-Wg/GpgHVzj8swwX0KYlCXUg+Qd1Fq4FuLNuWl3sIyoP7PmquNvPQm+7BSSxIMnclPJHZTg2wJPW2Fsz5RXOZLw==",
      "license": "BSD-3-Clause",
      "dependencies": {
        "@helios-lang/codec-utils": "^0.3.4",
        "@helios-lang/compiler-utils": "^0.5.11",
        "@helios-lang/ir": "0.3.5",
        "@helios-lang/type-utils": "^0.2.8",
        "@helios-lang/uplc": "^0.7.12"
      }
    },
    "node_modules/@helios-lang/compiler-utils": {
      "version": "0.5.11",
      "resolved": "https://registry.npmjs.org/@helios-lang/compiler-utils/-/compiler-utils-0.5.11.tgz",
      "integrity": "sha512-u0A7oQyqSb4LeCAGydVb0fxxcLnuG/nGiPofOsjFtuLZUNbKCGDcmFQb4jJITXh6hieOUTroeUdEqVEFQ5Chaw==",
      "license": "BSD-3-Clause",
      "dependencies": {
        "@helios-lang/codec-utils": "^0.3.4",
        "@helios-lang/type-utils": "^0.2.9"
      }
    },
    "node_modules/@helios-lang/contract-utils": {
      "version": "0.3.17",
      "resolved": "https://registry.npmjs.org/@helios-lang/contract-utils/-/contract-utils-0.3.17.tgz",
      "integrity": "sha512-yYGa7zglRszXI85nsWGcVyCovrLUPJo6rQqrqAgdZMk7afIDNYo8CCS2f588rR4+Uoe2Tqom0+0AXAXfNcy2rw==",
      "license": "BSD-3-Clause",
      "dependencies": {
        "@helios-lang/cli-utils": "^0.1.10",
        "@helios-lang/codec-utils": "^0.3.4",
        "@helios-lang/compiler-utils": "^0.5.3",
        "@helios-lang/crypto": "0.2.3",
        "@helios-lang/ledger": "^0.7.1",
        "@helios-lang/type-utils": "^0.2.9",
        "@helios-lang/uplc": "^0.7.11"
      },
      "bin": {
        "hl2ts": "src/hl2ts.js"
      },
      "peerDependencies": {
        "@helios-lang/compiler": "*"
      }
    },
    "node_modules/@helios-lang/crypto": {
      "version": "0.2.3",
      "resolved": "https://registry.npmjs.org/@helios-lang/crypto/-/crypto-0.2.3.tgz",
      "integrity": "sha512-Vyauv8fSrev2BFVn5RrHvMtgHzClogWFnX9CPm8024NEzlEL6jrXYiF8VAoegWX46GGZQE2ZEZxZciiKClaR3A==",
      "license": "BSD-3-Clause",
      "dependencies": {
        "@helios-lang/codec-utils": "^0.3.4",
        "@helios-lang/type-utils": "0.2.9"
      }
    },
    "node_modules/@helios-lang/era": {
      "version": "0.1.4",
      "resolved": "https://registry.npmjs.org/@helios-lang/era/-/era-0.1.4.tgz",
      "integrity": "sha512-wBV/qDLvfSwSywaQlo1EdnVhMW7XBSS2AnaOFmpLS/RrA75arn7ngf+MbEsfjQ1qayIPOPdL96M6vzPtauttWA==",
      "license": "BSD-3-Clause"
    },
    "node_modules/@helios-lang/ir": {
      "version": "0.3.5",
      "resolved": "https://registry.npmjs.org/@helios-lang/ir/-/ir-0.3.5.tgz",
      "integrity": "sha512-zv3EFA5NFLCV3CsYp4kci8oXc59sofAyanIpB7U+Xku3AommclDB0z8IB2sMq/8TsNqjHPuy4+OfdUIQ8+JrzA==",
      "license": "BSD-3-Clause",
      "dependencies": {
        "@helios-lang/codec-utils": "^0.3.4",
        "@helios-lang/compiler-utils": "^0.5.4",
        "@helios-lang/type-utils": "^0.2.8",
        "@helios-lang/uplc": "^0.7.12"
      }
    },
    "node_modules/@helios-lang/ledger": {
      "version": "0.7.1",
      "resolved": "https://registry.npmjs.org/@helios-lang/ledger/-/ledger-0.7.1.tgz",
      "integrity": "sha512-N1ZZgut2RScwCN0qgZpPaDdYtPY0lQA7k0NggqTm+W5I2p02lnIZClH8Utdkq3LtlJv51zpdeIQ1bNReIKDXeA==",
      "license": "BSD-3-Clause",
      "dependencies": {
        "@helios-lang/cbor": "^0.3.0",
        "@helios-lang/codec-utils": "^0.3.4",
        "@helios-lang/crypto": "^0.2.3",
        "@helios-lang/type-utils": "^0.2.9",
        "@helios-lang/uplc": "^0.7.11"
      }
    },
    "node_modules/@helios-lang/type-utils": {
      "version": "0.2.9",
      "resolved": "https://registry.npmjs.org/@helios-lang/type-utils/-/type-utils-0.2.9.tgz",
      "integrity": "sha512-79/aGqD9ZXNXUypDHf+tSSg4PBacovX5Q4U2GXKVcaH5a194PVZJ+Dsz2J5vLREUeSwSM7HLTEysqasyadbtEQ==",
      "license": "BSD-3-Clause"
    },
    "node_modules/@helios-lang/uplc": {
      "version": "0.7.12",
      "resolved": "https://registry.npmjs.org/@helios-lang/uplc/-/uplc-0.7.12.tgz",
      "integrity": "sha512-ixMuE8fTkLhj0o6WpkwyTPeLshCb2Z3NnQ1brYPS6KvzNNnD0bWAyOrHkCCeM4GVwnLfDiyUcAvF9eW1NeowNQ==",
      "license": "BSD-3-Clause",
      "dependencies": {
        "@helios-lang/cbor": "^0.3.0",
        "@helios-lang/codec-utils": "^0.3.4",
        "@helios-lang/compiler-utils": "^0.5.4",
        "@helios-lang/crypto": "^0.2.3",
        "@helios-lang/era": "^0.1.4",
        "@helios-lang/type-utils": "^0.2.9"
      }
    },
    "node_modules/command-exists": {
      "version": "1.2.9",
      "resolved": "https://registry.npmjs.org/command-exists/-/command-exists-1.2.9.tgz",
      "integrity": "sha512-LTQ/SGc+s0Xc0Fu5WaKnR0YiygZkm9eKFvyS+fRsU7/ZWFF8ykFM6Pc9aCVf1+xasOOZpO3BAVgVrKvsqKHV7w==",
      "license": "MIT"
    },
    "node_modules/commander": {
      "version": "8.3.0",
      "resolved": "https://registry.npmjs.org/commander/-/commander-8.3.0.tgz",
      "integrity": "sha512-OkTL9umf+He2DZkUq8f8J9of7yL6RJKI24dVITBmNfZBmri9zYZQrKkuXiKhyfPSu8tUhnVBB1iKXevvnlR4Ww==",
      "license": "MIT",
      "engines": {
        "node": ">= 12"
      }
    },
    "node_modules/follow-redirects": {
      "version": "1.15.9",
      "resolved": "https://registry.npmjs.org/follow-redirects/-/follow-redirects-1.15.9.tgz",
      "integrity": "sha512-gew4GsXizNgdoRyqmyfMHyAmXsZDk6mHkSxZFCzW9gwlbtOW44CDtYavM+y+72qD/Vq2l550kMF52DT8fOLJqQ==",
      "funding": [
        {
          "type": "individual",
          "url": "https://github.com/sponsors/RubenVerborgh"
        }
      ],
      "license": "MIT",
      "engines": {
        "node": ">=4.0"
      },
      "peerDependenciesMeta": {
        "debug": {
          "optional": true
        }
      }
    },
    "node_modules/js-sha3": {
      "version": "0.8.0",
      "resolved": "https://registry.npmjs.org/js-sha3/-/js-sha3-0.8.0.tgz",
      "integrity": "sha512-gF1cRrHhIzNfToc802P800N8PpXS+evLLXfsVpowqmAFR9uwbi89WvXg2QspOmXL8QL86J4T1EpFu+yUkwJY3Q==",
      "license": "MIT"
    },
    "node_modules/memorystream": {
      "version": "0.3.1",
      "resolved": "https://registry.npmjs.org/memorystream/-/memorystream-0.3.1.tgz",
      "integrity": "sha512-S3UwM3yj5mtUSEfP41UZmt/0SCoVYUcU1rkXv+BQ5Ig8ndL4sPoJNBUJERafdPb5jjHJGuMgytgKvKIf58XNBw==",
      "engines": {
        "node": ">= 0.10.0"
      }
    },
    "node_modules/os-tmpdir": {
      "version": "1.0.2",
      "resolved": "https://registry.npmjs.org/os-tmpdir/-/os-tmpdir-1.0.2.tgz",
      "integrity": "sha512-D2FR03Vir7FIu45XBY20mTb+/ZSWB00sjU9jdQXt83gDrI4Ztz5Fs7/yy74g2N5SVQY4xY1qDr4rNddwYRVX0g==",
      "license": "MIT",
      "engines": {
        "node": ">=0.10.0"
      }
    },
    "node_modules/semver": {
      "version": "5.7.2",
      "resolved": "https://registry.npmjs.org/semver/-/semver-5.7.2.tgz",
      "integrity": "sha512-cBznnQ9KjJqU67B52RMC65CMarK2600WFnbkcaiwWq3xy/5haFJlshgnpjovMVJ+Hff49d8GEn0b87C5pDQ10g==",
      "license": "ISC",
      "bin": {
        "semver": "bin/semver"
      }
    },
    "node_modules/solc": {
      "version": "0.8.29",
      "resolved": "https://registry.npmjs.org/solc/-/solc-0.8.29.tgz",
      "integrity": "sha512-M1hmcsejAtT1RWC+wy45Oi8a82nSnDl65wDzA3/8uWTC7R7VcnrMVIHv6/LHqnQPZ7OM2RIeKh3zpNo4E5lYbw==",
      "license": "MIT",
      "dependencies": {
        "command-exists": "^1.2.8",
        "commander": "^8.1.0",
        "follow-redirects": "^1.12.1",
        "js-sha3": "0.8.0",
        "memorystream": "^0.3.1",
        "semver": "^5.5.0",
        "tmp": "0.0.33"
      },
      "bin": {
        "solcjs": "solc.js"
      },
      "engines": {
        "node": ">=12.0.0"
      }
    },
    "node_modules/tmp": {
      "version": "0.0.33",
      "resolved": "https://registry.npmjs.org/tmp/-/tmp-0.0.33.tgz",
      "integrity": "sha512-jRCJlojKnZ3addtTOjdIqoRuPEKBvNXcGYqzO6zWZX8KfKEpnGY5jfggJQ3EjKuu8D4bJRr0y+cYJFmYbImXGw==",
      "license": "MIT",
      "dependencies": {
        "os-tmpdir": "~1.0.2"
      },
      "engines": {
        "node": ">=0.6.0"
      }
    }
  }
}
